
Microsoft Visual Studio Solution File, Format Version 12.00
# Visual Studio Version 16
VisualStudioVersion = 16.0.31729.503
MinimumVisualStudioVersion = 10.0.40219.1
Project("{8BC9CEB8-8B4A-11D0-8D11-00A0C91BC942}") = "Task 2-1", "Task 2-1\Task 2-1.vcxproj", "{D0AF97A5-C982-452B-AE19-782831A87B8D}"
EndProject
Project("{8BC9CEB8-8B4A-11D0-8D11-00A0C91BC942}") = "Task 2-2", "Task 2-2\Task 2-2.vcxproj", "{815A5AFB-AE49-4B79-8E99-DC3C7AB40C01}"
EndProject
Project("{8BC9CEB8-8B4A-11D0-8D11-00A0C91BC942}") = "Task 2-3", "Task 2-3\Task 2-3.vcxproj", "{D228F52C-12E2-42DB-9DF5-8FB3167869B9}"
EndProject
Global
	GlobalSection(SolutionConfigurationPlatforms) = preSolution
		Debug|x64 = Debug|x64
		Debug|x86 = Debug|x86
		Release|x64 = Release|x64
		Release|x86 = Release|x86
	EndGlobalSection
	GlobalSection(ProjectConfigurationPlatforms) = postSolution
		{D0AF97A5-C982-452B-AE19-782831A87B8D}.Debug|x64.ActiveCfg = Debug|x64
		{D0AF97A5-C982-452B-AE19-782831A87B8D}.Debug|x64.Build.0 = Debug|x64
		{D0AF97A5-C982-452B-AE19-782831A87B8D}.Debug|x86.ActiveCfg = Debug|Win32
		{D0AF97A5-C982-452B-AE19-782831A87B8D}.Debug|x86.Build.0 = Debug|Win32
		{D0AF97A5-C982-452B-AE19-782831A87B8D}.Release|x64.ActiveCfg = Release|x64
		{D0AF97A5-C982-452B-AE19-782831A87B8D}.Release|x64.Build.0 = Release|x64
		{D0AF97A5-C982-452B-AE19-782831A87B8D}.Release|x86.ActiveCfg = Release|Win32
		{D0AF97A5-C982-452B-AE19-782831A87B8D}.Release|x86.Build.0 = Release|Win32
		{815A5AFB-AE49-4B79-8E99-DC3C7AB40C01}.Debug|x64.ActiveCfg = Debug|x64
		{815A5AFB-AE49-4B79-8E99-DC3C7AB40C01}.Debug|x64.Build.0 = Debug|x64
		{815A5AFB-AE49-4B79-8E99-DC3C7AB40C01}.Debug|x86.ActiveCfg = Debug|Win32
		{815A5AFB-AE49-4B79-8E99-DC3C7AB40C01}.Debug|x86.Build.0 = Debug|Win32
		{815A5AFB-AE49-4B79-8E99-DC3C7AB40C01}.Release|x64.ActiveCfg = Release|x64
		{815A5AFB-AE49-4B79-8E99-DC3C7AB40C01}.Release|x64.Build.0 = Release|x64
		{815A5AFB-AE49-4B79-8E99-DC3C7AB40C01}.Release|x86.ActiveCfg = Release|Win32
		{815A5AFB-AE49-4B79-8E99-DC3C7AB40C01}.Release|x86.Build.0 = Release|Win32
		{D228F52C-12E2-42DB-9DF5-8FB3167869B9}.Debug|x64.ActiveCfg = Debug|x64
		{D228F52C-12E2-42DB-9DF5-8FB3167869B9}.Debug|x64.Build.0 = Debug|x64
		{D228F52C-12E2-42DB-9DF5-8FB3167869B9}.Debug|x86.ActiveCfg = Debug|Win32
		{D228F52C-12E2-42DB-9DF5-8FB3167869B9}.Debug|x86.Build.0 = Debug|Win32
		{D228F52C-12E2-42DB-9DF5-8FB3167869B9}.Release|x64.ActiveCfg = Release|x64
		{D228F52C-12E2-42DB-9DF5-8FB3167869B9}.Release|x64.Build.0 = Release|x64
		{D228F52C-12E2-42DB-9DF5-8FB3167869B9}.Release|x86.ActiveCfg = Release|Win32
		{D228F52C-12E2-42DB-9DF5-8FB3167869B9}.Release|x86.Build.0 = Release|Win32
	EndGlobalSection
	GlobalSection(SolutionProperties) = preSolution
		HideSolutionNode = FALSE
	EndGlobalSection
	GlobalSection(ExtensibilityGlobals) = postSolution
		SolutionGuid = {9851C026-98E4-4234-BE21-6B39AF700A81}
	EndGlobalSection
EndGlobal
